
Microsoft Visual Studio Solution File, Format Version 12.00
# Visual Studio 14
VisualStudioVersion = 14.0.25420.1
MinimumVisualStudioVersion = 10.0.40219.1
Project("{FAE04EC0-301F-11D3-BF4B-00C04F79EFBC}") = "GpioChip.Net", "GpioChip.Net\GpioChip.Net.csproj", "{A1402309-E7C8-4ED7-9A3D-E639123807A7}"
EndProject
Project("{2150E333-8FDC-42A3-9474-1A3956D46DE8}") = "tests", "tests", "{A2AFB451-3B79-49B8-A8B6-3F9943A4BD73}"
EndProject
Project("{FAE04EC0-301F-11D3-BF4B-00C04F79EFBC}") = "ConsoleTest", "tests\ConsoleTest\ConsoleTest.csproj", "{A361EEBD-A7F1-40E4-87E4-F90EF2EC210B}"
EndProject
Global
	GlobalSection(SolutionConfigurationPlatforms) = preSolution
		Debug|Any CPU = Debug|Any CPU
		Release|Any CPU = Release|Any CPU
	EndGlobalSection
	GlobalSection(ProjectConfigurationPlatforms) = postSolution
		{A1402309-E7C8-4ED7-9A3D-E639123807A7}.Debug|Any CPU.ActiveCfg = Debug|Any CPU
		{A1402309-E7C8-4ED7-9A3D-E639123807A7}.Debug|Any CPU.Build.0 = Debug|Any CPU
		{A1402309-E7C8-4ED7-9A3D-E639123807A7}.Release|Any CPU.ActiveCfg = Release|Any CPU
		{A1402309-E7C8-4ED7-9A3D-E639123807A7}.Release|Any CPU.Build.0 = Release|Any CPU
		{A361EEBD-A7F1-40E4-87E4-F90EF2EC210B}.Debug|Any CPU.ActiveCfg = Debug|Any CPU
		{A361EEBD-A7F1-40E4-87E4-F90EF2EC210B}.Debug|Any CPU.Build.0 = Debug|Any CPU
		{A361EEBD-A7F1-40E4-87E4-F90EF2EC210B}.Release|Any CPU.ActiveCfg = Release|Any CPU
		{A361EEBD-A7F1-40E4-87E4-F90EF2EC210B}.Release|Any CPU.Build.0 = Release|Any CPU
	EndGlobalSection
	GlobalSection(SolutionProperties) = preSolution
		HideSolutionNode = FALSE
	EndGlobalSection
	GlobalSection(NestedProjects) = preSolution
		{A361EEBD-A7F1-40E4-87E4-F90EF2EC210B} = {A2AFB451-3B79-49B8-A8B6-3F9943A4BD73}
	EndGlobalSection
EndGlobal
